
Microsoft Visual Studio Solution File, Format Version 12.00
# Visual Studio Version 16
VisualStudioVersion = 16.0.31624.102
MinimumVisualStudioVersion = 10.0.40219.1
Project("{9A19103F-16F7-4668-BE54-9A1E7A4F7556}") = "CardGame", "CardGame\CardGame.csproj", "{BBAF2F37-8DBF-48DA-B33F-7D9C8954EA94}"
EndProject
Project("{9A19103F-16F7-4668-BE54-9A1E7A4F7556}") = "CardGame_UnitTest", "CardGame_UnitTest\CardGame_UnitTest.csproj", "{328282ED-FE64-4656-A54D-1D30101486E6}"
EndProject
Global
	GlobalSection(SolutionConfigurationPlatforms) = preSolution
		Debug|Any CPU = Debug|Any CPU
		Release|Any CPU = Release|Any CPU
	EndGlobalSection
	GlobalSection(ProjectConfigurationPlatforms) = postSolution
		{BBAF2F37-8DBF-48DA-B33F-7D9C8954EA94}.Debug|Any CPU.ActiveCfg = Debug|Any CPU
		{BBAF2F37-8DBF-48DA-B33F-7D9C8954EA94}.Debug|Any CPU.Build.0 = Debug|Any CPU
		{BBAF2F37-8DBF-48DA-B33F-7D9C8954EA94}.Release|Any CPU.ActiveCfg = Release|Any CPU
		{BBAF2F37-8DBF-48DA-B33F-7D9C8954EA94}.Release|Any CPU.Build.0 = Release|Any CPU
		{328282ED-FE64-4656-A54D-1D30101486E6}.Debug|Any CPU.ActiveCfg = Debug|Any CPU
		{328282ED-FE64-4656-A54D-1D30101486E6}.Debug|Any CPU.Build.0 = Debug|Any CPU
		{328282ED-FE64-4656-A54D-1D30101486E6}.Release|Any CPU.ActiveCfg = Release|Any CPU
		{328282ED-FE64-4656-A54D-1D30101486E6}.Release|Any CPU.Build.0 = Release|Any CPU
	EndGlobalSection
	GlobalSection(SolutionProperties) = preSolution
		HideSolutionNode = FALSE
	EndGlobalSection
	GlobalSection(ExtensibilityGlobals) = postSolution
		SolutionGuid = {8F53CD89-5642-4A37-9A24-07E324DC8306}
	EndGlobalSection
EndGlobal
